Microsoft Visual Studio Solution File, Format Version 12.00
# Visual Studio 14
VisualStudioVersion = 14.0.24720.0
MinimumVisualStudioVersion = 10.0.40219.1
Project("{8BB2217D-0F2D-49D1-97BC-3654ED321F3B}") = "Kekiri.Core", "src\Kekiri.Core\Kekiri.Core.xproj", "{586814DD-580B-40F9-86D6-125E150B063B}"
EndProject
Project("{8BB2217D-0F2D-49D1-97BC-3654ED321F3B}") = "Kekiri.NUnit", "src\Kekiri.NUnit\Kekiri.NUnit.xproj", "{C1E6B6DE-E0D4-4A5B-A430-193259B57800}"
EndProject
Global
	GlobalSection(SolutionConfigurationPlatforms) = preSolution
		Debug|Any CPU = Debug|Any CPU
		Release|Any CPU = Release|Any CPU
	EndGlobalSection
	GlobalSection(ProjectConfigurationPlatforms) = postSolution
		{586814DD-580B-40F9-86D6-125E150B063B}.Debug|Any CPU.ActiveCfg = Debug|Any CPU
		{586814DD-580B-40F9-86D6-125E150B063B}.Debug|Any CPU.Build.0 = Debug|Any CPU
		{586814DD-580B-40F9-86D6-125E150B063B}.Release|Any CPU.ActiveCfg = Release|Any CPU
		{586814DD-580B-40F9-86D6-125E150B063B}.Release|Any CPU.Build.0 = Release|Any CPU
		{C1E6B6DE-E0D4-4A5B-A430-193259B57800}.Debug|Any CPU.ActiveCfg = Debug|Any CPU
		{C1E6B6DE-E0D4-4A5B-A430-193259B57800}.Debug|Any CPU.Build.0 = Debug|Any CPU
		{C1E6B6DE-E0D4-4A5B-A430-193259B57800}.Release|Any CPU.ActiveCfg = Release|Any CPU
		{C1E6B6DE-E0D4-4A5B-A430-193259B57800}.Release|Any CPU.Build.0 = Release|Any CPU
	EndGlobalSection
	GlobalSection(SolutionProperties) = preSolution
		HideSolutionNode = FALSE
	EndGlobalSection
EndGlobal
